# Generated by pub
# See https://dart.dev/tools/pub/glossary#lockfile
packages:
  lints:
    dependency: transitive
    description:
      name: lints
      url: "https://pub.dartlang.org"
    source: hosted
    version: "1.0.1"
  sass_analysis:
    dependency: "direct main"
    description:
      path: analysis
      ref: HEAD
      resolved-ref: cb74cc4c3150898a95adfe2d8ebcd50ec49c5be9
      url: "git://github.com/sass/dart-sass"
    source: git
    version: "0.0.0"
sdks:
  dart: ">=2.14.0 <3.0.0"
