# Generated by pub
# See https://dart.dev/tools/pub/glossary#lockfile
packages:
  a:
    dependency: "direct main"
    description:
      path: "."
      ref: main
      resolved-ref: b993fb1a73cfe30410abc8d65c42f518a682b3fe
      url: "https://github.com/sigurdm/private_repo"
    source: git
    version: "0.0.0"
sdks:
  dart: ">=2.14.0 <=3.0.0"
